{
  "name": "dima-test",
  "version": "1.0.0",
  "lockfileVersion": 1,
  "requires": true,
  "dependencies": {
    "lodash": {
      "version": "4.17.11",
      "resolved": "https://repo.dev.wixpress.com/artifactory/api/npm/npm-repos/lodash/-/lodash-4.17.11.tgz",
      "integrity": "sha1-s56mIp72B+zYniyN8SU2iRysm40="
    }
  }
}
